
Microsoft Visual Studio Solution File, Format Version 12.00
# Visual Studio Version 16
VisualStudioVersion = 16.0.30717.126
MinimumVisualStudioVersion = 10.0.40219.1
Project("{FAE04EC0-301F-11D3-BF4B-00C04F79EFBC}") = "IvanArsua.BingMapsWithPushPin", "IvanArsua.BingMapsWithPushPin\IvanArsua.BingMapsWithPushPin.csproj", "{4F45BE96-F112-4A80-8C32-71D35AA71ADE}"
EndProject
Global
	GlobalSection(SolutionConfigurationPlatforms) = preSolution
		Debug|Any CPU = Debug|Any CPU
		Release|Any CPU = Release|Any CPU
	EndGlobalSection
	GlobalSection(ProjectConfigurationPlatforms) = postSolution
		{4F45BE96-F112-4A80-8C32-71D35AA71ADE}.Debug|Any CPU.ActiveCfg = Debug|Any CPU
		{4F45BE96-F112-4A80-8C32-71D35AA71ADE}.Debug|Any CPU.Build.0 = Debug|Any CPU
		{4F45BE96-F112-4A80-8C32-71D35AA71ADE}.Release|Any CPU.ActiveCfg = Release|Any CPU
		{4F45BE96-F112-4A80-8C32-71D35AA71ADE}.Release|Any CPU.Build.0 = Release|Any CPU
	EndGlobalSection
	GlobalSection(SolutionProperties) = preSolution
		HideSolutionNode = FALSE
	EndGlobalSection
	GlobalSection(ExtensibilityGlobals) = postSolution
		SolutionGuid = {6BEC2BAA-4D98-4085-8E83-53D130DA9216}
	EndGlobalSection
EndGlobal
